
Microsoft Visual Studio Solution File, Format Version 12.00
# Visual Studio Version 16
VisualStudioVersion = 16.0.30114.105
MinimumVisualStudioVersion = 10.0.40219.1
Project("{FAE04EC0-301F-11D3-BF4B-00C04F79EFBC}") = "S4597925Assign2", "S4597925Assign2.csproj", "{11FF860B-FC62-417C-90D0-B50FEA36DE0B}"
EndProject
Global
	GlobalSection(SolutionConfigurationPlatforms) = preSolution
		Debug|Any CPU = Debug|Any CPU
		Release|Any CPU = Release|Any CPU
	EndGlobalSection
	GlobalSection(ProjectConfigurationPlatforms) = postSolution
		{11FF860B-FC62-417C-90D0-B50FEA36DE0B}.Debug|Any CPU.ActiveCfg = Debug|Any CPU
		{11FF860B-FC62-417C-90D0-B50FEA36DE0B}.Debug|Any CPU.Build.0 = Debug|Any CPU
		{11FF860B-FC62-417C-90D0-B50FEA36DE0B}.Release|Any CPU.ActiveCfg = Release|Any CPU
		{11FF860B-FC62-417C-90D0-B50FEA36DE0B}.Release|Any CPU.Build.0 = Release|Any CPU
	EndGlobalSection
	GlobalSection(SolutionProperties) = preSolution
		HideSolutionNode = FALSE
	EndGlobalSection
	GlobalSection(ExtensibilityGlobals) = postSolution
		SolutionGuid = {43104B51-857B-45DB-9942-7C40A7BF89BC}
	EndGlobalSection
EndGlobal
